// !$*UTF8*$!
{
	archiveVersion = 1;
	classes = {
	};
	objectVersion = 51;
	objects = {

/* Begin PBXBuildFile section */
		3E4D9A392644B091002E4546 /* Posts.swift in Sources */ = {isa = PBXBuildFile; fileRef = 3E4D9A382644B091002E4546 /* Posts.swift */; };
		3E4D9A3B2644B2C6002E4546 /* UserSettingsVC.swift in Sources */ = {isa = PBXBuildFile; fileRef = 3E4D9A3A2644B2C6002E4546 /* UserSettingsVC.swift */; };
		3E56894C265D261900220A3D /* Message.swift in Sources */ = {isa = PBXBuildFile; fileRef = 3E56894B265D261900220A3D /* Message.swift */; };
		3E56894E265D262700220A3D /* Chat.swift in Sources */ = {isa = PBXBuildFile; fileRef = 3E56894D265D262700220A3D /* Chat.swift */; };
		3E63CD13264B2CD300A6E590 /* postsStruct.swift in Sources */ = {isa = PBXBuildFile; fileRef = 3E63CD12264B2CD300A6E590 /* postsStruct.swift */; };
		3E63CD17264B2E2A00A6E590 /* PostsService.swift in Sources */ = {isa = PBXBuildFile; fileRef = 3E63CD16264B2E2A00A6E590 /* PostsService.swift */; };
		3E77B224265C2CB00011528E /* Baka_Extensions.swift in Sources */ = {isa = PBXBuildFile; fileRef = 3E77B223265C2CB00011528E /* Baka_Extensions.swift */; };
		3E88258F2645EA9800B7BA30 /* GoogleService-Info.plist in Resources */ = {isa = PBXBuildFile; fileRef = 3E88258E2645EA9800B7BA30 /* GoogleService-Info.plist */; };
		3E8825912645EF1700B7BA30 /* FirebaseAuthManager.swift in Sources */ = {isa = PBXBuildFile; fileRef = 3E8825902645EF1700B7BA30 /* FirebaseAuthManager.swift */; };
		3E8F976A2645B72300B6C850 /* AddPostVC.swift in Sources */ = {isa = PBXBuildFile; fileRef = 3E8F97692645B72300B6C850 /* AddPostVC.swift */; };
		3EAC8CB4263652D900F3139D /* AppDelegate.swift in Sources */ = {isa = PBXBuildFile; fileRef = 3EAC8CB3263652D900F3139D /* AppDelegate.swift */; };
		3EAC8CB6263652D900F3139D /* SceneDelegate.swift in Sources */ = {isa = PBXBuildFile; fileRef = 3EAC8CB5263652D900F3139D /* SceneDelegate.swift */; };
		3EAC8CB8263652D900F3139D /* ViewController.swift in Sources */ = {isa = PBXBuildFile; fileRef = 3EAC8CB7263652D900F3139D /* ViewController.swift */; };
		3EAC8CBB263652D900F3139D /* Main.storyboard in Resources */ = {isa = PBXBuildFile; fileRef = 3EAC8CB9263652D900F3139D /* Main.storyboard */; };
		3EAC8CBE263652D900F3139D /* BAKANET.xcdatamodeld in Sources */ = {isa = PBXBuildFile; fileRef = 3EAC8CBC263652D900F3139D /* BAKANET.xcdatamodeld */; };
		3EAC8CC0263652DA00F3139D /* Assets.xcassets in Resources */ = {isa = PBXBuildFile; fileRef = 3EAC8CBF263652DA00F3139D /* Assets.xcassets */; };
		3EAC8CC3263652DA00F3139D /* LaunchScreen.storyboard in Resources */ = {isa = PBXBuildFile; fileRef = 3EAC8CC1263652DA00F3139D /* LaunchScreen.storyboard */; };
		3EAC8CCC263657F900F3139D /* MainPageViewController.swift in Sources */ = {isa = PBXBuildFile; fileRef = 3EAC8CCB263657F900F3139D /* MainPageViewController.swift */; };
		3EEDC4D62646E2E9009C63F3 /* RoundedBakaButton.swift in Sources */ = {isa = PBXBuildFile; fileRef = 3EEDC4D52646E2E9009C63F3 /* RoundedBakaButton.swift */; };
		3EEDC4D826472C1D009C63F3 /* LoginPageVC.swift in Sources */ = {isa = PBXBuildFile; fileRef = 3EEDC4D726472C1D009C63F3 /* LoginPageVC.swift */; };
		3EEDC4DA26473C39009C63F3 /* FirstViewController.swift in Sources */ = {isa = PBXBuildFile; fileRef = 3EEDC4D926473C39009C63F3 /* FirstViewController.swift */; };
		3EF2CED2265D20FB00AD8300 /* BakaChatVC.swift in Sources */ = {isa = PBXBuildFile; fileRef = 3EF2CED1265D20FB00AD8300 /* BakaChatVC.swift */; };
		9C05B6004043CF66567613AA /* Pods_BAKANET.framework in Frameworks */ = {isa = PBXBuildFile; fileRef = 84A427468037224E9B5BB061 /* Pods_BAKANET.framework */; };
/* End PBXBuildFile section */

/* Begin PBXFileReference section */
		38A4619754C754A6814651A4 /* Pods-BAKANET.debug.xcconfig */ = {isa = PBXFileReference; includeInIndex = 1; lastKnownFileType = text.xcconfig; name = "Pods-BAKANET.debug.xcconfig"; path = "Target Support Files/Pods-BAKANET/Pods-BAKANET.debug.xcconfig"; sourceTree = "<group>"; };
		3E4D9A382644B091002E4546 /* Posts.swift */ = {isa = PBXFileReference; lastKnownFileType = sourcecode.swift; path = Posts.swift; sourceTree = "<group>"; };
		3E4D9A3A2644B2C6002E4546 /* UserSettingsVC.swift */ = {isa = PBXFileReference; lastKnownFileType = sourcecode.swift; path = UserSettingsVC.swift; sourceTree = "<group>"; };
		3E56894B265D261900220A3D /* Message.swift */ = {isa = PBXFileReference; lastKnownFileType = sourcecode.swift; path = Message.swift; sourceTree = "<group>"; };
		3E56894D265D262700220A3D /* Chat.swift */ = {isa = PBXFileReference; lastKnownFileType = sourcecode.swift; path = Chat.swift; sourceTree = "<group>"; };
		3E63CD12264B2CD300A6E590 /* postsStruct.swift */ = {isa = PBXFileReference; lastKnownFileType = sourcecode.swift; path = postsStruct.swift; sourceTree = "<group>"; };
		3E63CD16264B2E2A00A6E590 /* PostsService.swift */ = {isa = PBXFileReference; lastKnownFileType = sourcecode.swift; path = PostsService.swift; sourceTree = "<group>"; };
		3E77B223265C2CB00011528E /* Baka_Extensions.swift */ = {isa = PBXFileReference; lastKnownFileType = sourcecode.swift; path = Baka_Extensions.swift; sourceTree = "<group>"; };
		3E88258E2645EA9800B7BA30 /* GoogleService-Info.plist */ = {isa = PBXFileReference; fileEncoding = 4; lastKnownFileType = text.plist.xml; path = "GoogleService-Info.plist"; sourceTree = "<group>"; };
		3E8825902645EF1700B7BA30 /* FirebaseAuthManager.swift */ = {isa = PBXFileReference; lastKnownFileType = sourcecode.swift; path = FirebaseAuthManager.swift; sourceTree = "<group>"; };
		3E8F97692645B72300B6C850 /* AddPostVC.swift */ = {isa = PBXFileReference; lastKnownFileType = sourcecode.swift; path = AddPostVC.swift; sourceTree = "<group>"; };
		3EAC8CB0263652D900F3139D /* BAKANET.app */ = {isa = PBXFileReference; explicitFileType = wrapper.application; includeInIndex = 0; path = BAKANET.app; sourceTree = BUILT_PRODUCTS_DIR; };
		3EAC8CB3263652D900F3139D /* AppDelegate.swift */ = {isa = PBXFileReference; lastKnownFileType = sourcecode.swift; path = AppDelegate.swift; sourceTree = "<group>"; };
		3EAC8CB5263652D900F3139D /* SceneDelegate.swift */ = {isa = PBXFileReference; lastKnownFileType = sourcecode.swift; path = SceneDelegate.swift; sourceTree = "<group>"; };
		3EAC8CB7263652D900F3139D /* ViewController.swift */ = {isa = PBXFileReference; lastKnownFileType = sourcecode.swift; path = ViewController.swift; sourceTree = "<group>"; };
		3EAC8CBA263652D900F3139D /* Base */ = {isa = PBXFileReference; lastKnownFileType = file.storyboard; name = Base; path = Base.lproj/Main.storyboard; sourceTree = "<group>"; };
		3EAC8CBD263652D900F3139D /* BAKANET.xcdatamodel */ = {isa = PBXFileReference; lastKnownFileType = wrapper.xcdatamodel; path = BAKANET.xcdatamodel; sourceTree = "<group>"; };
		3EAC8CBF263652DA00F3139D /* Assets.xcassets */ = {isa = PBXFileReference; lastKnownFileType = folder.assetcatalog; path = Assets.xcassets; sourceTree = "<group>"; };
		3EAC8CC2263652DA00F3139D /* Base */ = {isa = PBXFileReference; lastKnownFileType = file.storyboard; name = Base; path = Base.lproj/LaunchScreen.storyboard; sourceTree = "<group>"; };
		3EAC8CC4263652DA00F3139D /* Info.plist */ = {isa = PBXFileReference; lastKnownFileType = text.plist.xml; path = Info.plist; sourceTree = "<group>"; };
		3EAC8CCB263657F900F3139D /* MainPageViewController.swift */ = {isa = PBXFileReference; lastKnownFileType = sourcecode.swift; path = MainPageViewController.swift; sourceTree = "<group>"; };
		3EEDC4D52646E2E9009C63F3 /* RoundedBakaButton.swift */ = {isa = PBXFileReference; lastKnownFileType = sourcecode.swift; path = RoundedBakaButton.swift; sourceTree = "<group>"; };
		3EEDC4D726472C1D009C63F3 /* LoginPageVC.swift */ = {isa = PBXFileReference; lastKnownFileType = sourcecode.swift; path = LoginPageVC.swift; sourceTree = "<group>"; };
		3EEDC4D926473C39009C63F3 /* FirstViewController.swift */ = {isa = PBXFileReference; lastKnownFileType = sourcecode.swift; path = FirstViewController.swift; sourceTree = "<group>"; };
		3EF2CED1265D20FB00AD8300 /* BakaChatVC.swift */ = {isa = PBXFileReference; lastKnownFileType = sourcecode.swift; path = BakaChatVC.swift; sourceTree = "<group>"; };
		84A427468037224E9B5BB061 /* Pods_BAKANET.framework */ = {isa = PBXFileReference; explicitFileType = wrapper.framework; includeInIndex = 0; path = Pods_BAKANET.framework; sourceTree = BUILT_PRODUCTS_DIR; };
		C5E3614A79F0BE8BD8E4DA91 /* Pods-BAKANET.release.xcconfig */ = {isa = PBXFileReference; includeInIndex = 1; lastKnownFileType = text.xcconfig; name = "Pods-BAKANET.release.xcconfig"; path = "Target Support Files/Pods-BAKANET/Pods-BAKANET.release.xcconfig"; sourceTree = "<group>"; };
/* End PBXFileReference section */

/* Begin PBXFrameworksBuildPhase section */
		3EAC8CAD263652D900F3139D /* Frameworks */ = {
			isa = PBXFrameworksBuildPhase;
			buildActionMask = 2147483647;
			files = (
				9C05B6004043CF66567613AA /* Pods_BAKANET.framework in Frameworks */,
			);
			runOnlyForDeploymentPostprocessing = 0;
		};
/* End PBXFrameworksBuildPhase section */

/* Begin PBXGroup section */
		2E5A3FDF335DBB8BF26EDB27 /* Frameworks */ = {
			isa = PBXGroup;
			children = (
				84A427468037224E9B5BB061 /* Pods_BAKANET.framework */,
			);
			name = Frameworks;
			sourceTree = "<group>";
		};
		3E63CD14264B2E1400A6E590 /* Services */ = {
			isa = PBXGroup;
			children = (
				3E63CD16264B2E2A00A6E590 /* PostsService.swift */,
			);
			path = Services;
			sourceTree = "<group>";
		};
		3E77B222265C2C9B0011528E /* Extensions */ = {
			isa = PBXGroup;
			children = (
				3E77B223265C2CB00011528E /* Baka_Extensions.swift */,
			);
			path = Extensions;
			sourceTree = "<group>";
		};
		3E8F97672645B13200B6C850 /* ViewControllers */ = {
			isa = PBXGroup;
			children = (
				3EAC8CCB263657F900F3139D /* MainPageViewController.swift */,
				3EAC8CB7263652D900F3139D /* ViewController.swift */,
				3E4D9A3A2644B2C6002E4546 /* UserSettingsVC.swift */,
				3E8F97692645B72300B6C850 /* AddPostVC.swift */,
				3EEDC4D726472C1D009C63F3 /* LoginPageVC.swift */,
				3EEDC4D926473C39009C63F3 /* FirstViewController.swift */,
				3EF2CED1265D20FB00AD8300 /* BakaChatVC.swift */,
			);
			path = ViewControllers;
			sourceTree = "<group>";
		};
		3E8F97682645B21700B6C850 /* Support Classes */ = {
			isa = PBXGroup;
			children = (
				3E4D9A382644B091002E4546 /* Posts.swift */,
				3E8825902645EF1700B7BA30 /* FirebaseAuthManager.swift */,
				3E63CD12264B2CD300A6E590 /* postsStruct.swift */,
				3E56894B265D261900220A3D /* Message.swift */,
				3E56894D265D262700220A3D /* Chat.swift */,
			);
			path = "Support Classes";
			sourceTree = "<group>";
		};
		3EAC8CA7263652D900F3139D = {
			isa = PBXGroup;
			children = (
				3EAC8CB2263652D900F3139D /* BAKANET */,
				3EAC8CB1263652D900F3139D /* Products */,
				5344299233EFBEB5D3459CA1 /* Pods */,
				2E5A3FDF335DBB8BF26EDB27 /* Frameworks */,
			);
			sourceTree = "<group>";
		};
		3EAC8CB1263652D900F3139D /* Products */ = {
			isa = PBXGroup;
			children = (
				3EAC8CB0263652D900F3139D /* BAKANET.app */,
			);
			name = Products;
			sourceTree = "<group>";
		};
		3EAC8CB2263652D900F3139D /* BAKANET */ = {
			isa = PBXGroup;
			children = (
				3E77B222265C2C9B0011528E /* Extensions */,
				3E63CD14264B2E1400A6E590 /* Services */,
				3EEDC4D42646E20E009C63F3 /* Custom Elements */,
				3E88258E2645EA9800B7BA30 /* GoogleService-Info.plist */,
				3E8F97682645B21700B6C850 /* Support Classes */,
				3E8F97672645B13200B6C850 /* ViewControllers */,
				3EAC8CB3263652D900F3139D /* AppDelegate.swift */,
				3EAC8CB5263652D900F3139D /* SceneDelegate.swift */,
				3EAC8CB9263652D900F3139D /* Main.storyboard */,
				3EAC8CBF263652DA00F3139D /* Assets.xcassets */,
				3EAC8CC1263652DA00F3139D /* LaunchScreen.storyboard */,
				3EAC8CC4263652DA00F3139D /* Info.plist */,
				3EAC8CBC263652D900F3139D /* BAKANET.xcdatamodeld */,
			);
			path = BAKANET;
			sourceTree = "<group>";
		};
		3EEDC4D42646E20E009C63F3 /* Custom Elements */ = {
			isa = PBXGroup;
			children = (
				3EEDC4D52646E2E9009C63F3 /* RoundedBakaButton.swift */,
			);
			path = "Custom Elements";
			sourceTree = "<group>";
		};
		5344299233EFBEB5D3459CA1 /* Pods */ = {
			isa = PBXGroup;
			children = (
				38A4619754C754A6814651A4 /* Pods-BAKANET.debug.xcconfig */,
				C5E3614A79F0BE8BD8E4DA91 /* Pods-BAKANET.release.xcconfig */,
			);
			path = Pods;
			sourceTree = "<group>";
		};
/* End PBXGroup section */

/* Begin PBXNativeTarget section */
		3EAC8CAF263652D900F3139D /* BAKANET */ = {
			isa = PBXNativeTarget;
			buildConfigurationList = 3EAC8CC7263652DA00F3139D /* Build configuration list for PBXNativeTarget "BAKANET" */;
			buildPhases = (
				E4DDA0049D000FE299FB5D49 /* [CP] Check Pods Manifest.lock */,
				3EAC8CAC263652D900F3139D /* Sources */,
				3EAC8CAD263652D900F3139D /* Frameworks */,
				3EAC8CAE263652D900F3139D /* Resources */,
				B7F286BFFD3A9E6EC51235AD /* [CP] Embed Pods Frameworks */,
			);
			buildRules = (
			);
			dependencies = (
			);
			name = BAKANET;
			productName = BAKANET;
			productReference = 3EAC8CB0263652D900F3139D /* BAKANET.app */;
			productType = "com.apple.product-type.application";
		};
/* End PBXNativeTarget section */

/* Begin PBXProject section */
		3EAC8CA8263652D900F3139D /* Project object */ = {
			isa = PBXProject;
			attributes = {
				LastSwiftUpdateCheck = 1240;
				LastUpgradeCheck = 1240;
				TargetAttributes = {
					3EAC8CAF263652D900F3139D = {
						CreatedOnToolsVersion = 12.4;
					};
				};
			};
			buildConfigurationList = 3EAC8CAB263652D900F3139D /* Build configuration list for PBXProject "BAKANET" */;
			compatibilityVersion = "Xcode 9.3";
			developmentRegion = en;
			hasScannedForEncodings = 0;
			knownRegions = (
				en,
				Base,
			);
			mainGroup = 3EAC8CA7263652D900F3139D;
			productRefGroup = 3EAC8CB1263652D900F3139D /* Products */;
			projectDirPath = "";
			projectRoot = "";
			targets = (
				3EAC8CAF263652D900F3139D /* BAKANET */,
			);
		};
/* End PBXProject section */

/* Begin PBXResourcesBuildPhase section */
		3EAC8CAE263652D900F3139D /* Resources */ = {
			isa = PBXResourcesBuildPhase;
			buildActionMask = 2147483647;
			files = (
				3EAC8CC3263652DA00F3139D /* LaunchScreen.storyboard in Resources */,
				3E88258F2645EA9800B7BA30 /* GoogleService-Info.plist in Resources */,
				3EAC8CC0263652DA00F3139D /* Assets.xcassets in Resources */,
				3EAC8CBB263652D900F3139D /* Main.storyboard in Resources */,
			);
			runOnlyForDeploymentPostprocessing = 0;
		};
/* End PBXResourcesBuildPhase section */

/* Begin PBXShellScriptBuildPhase section */
		B7F286BFFD3A9E6EC51235AD /* [CP] Embed Pods Frameworks */ = {
			isa = PBXShellScriptBuildPhase;
			buildActionMask = 2147483647;
			files = (
			);
			inputFileListPaths = (
				"${PODS_ROOT}/Target Support Files/Pods-BAKANET/Pods-BAKANET-frameworks-${CONFIGURATION}-input-files.xcfilelist",
			);
			name = "[CP] Embed Pods Frameworks";
			outputFileListPaths = (
				"${PODS_ROOT}/Target Support Files/Pods-BAKANET/Pods-BAKANET-frameworks-${CONFIGURATION}-output-files.xcfilelist",
			);
			runOnlyForDeploymentPostprocessing = 0;
			shellPath = /bin/sh;
			shellScript = "\"${PODS_ROOT}/Target Support Files/Pods-BAKANET/Pods-BAKANET-frameworks.sh\"\n";
			showEnvVarsInLog = 0;
		};
		E4DDA0049D000FE299FB5D49 /* [CP] Check Pods Manifest.lock */ = {
			isa = PBXShellScriptBuildPhase;
			buildActionMask = 2147483647;
			files = (
			);
			inputFileListPaths = (
			);
			inputPaths = (
				"${PODS_PODFILE_DIR_PATH}/Podfile.lock",
				"${PODS_ROOT}/Manifest.lock",
			);
			name = "[CP] Check Pods Manifest.lock";
			outputFileListPaths = (
			);
			outputPaths = (
				"$(DERIVED_FILE_DIR)/Pods-BAKANET-checkManifestLockResult.txt",
			);
			runOnlyForDeploymentPostprocessing = 0;
			shellPath = /bin/sh;
			shellScript = "diff \"${PODS_PODFILE_DIR_PATH}/Podfile.lock\" \"${PODS_ROOT}/Manifest.lock\" > /dev/null\nif [ $? != 0 ] ; then\n    # print error to STDERR\n    echo \"error: The sandbox is not in sync with the Podfile.lock. Run 'pod install' or update your CocoaPods installation.\" >&2\n    exit 1\nfi\n# This output is used by Xcode 'outputs' to avoid re-running this script phase.\necho \"SUCCESS\" > \"${SCRIPT_OUTPUT_FILE_0}\"\n";
			showEnvVarsInLog = 0;
		};
/* End PBXShellScriptBuildPhase section */

/* Begin PBXSourcesBuildPhase section */
		3EAC8CAC263652D900F3139D /* Sources */ = {
			isa = PBXSourcesBuildPhase;
			buildActionMask = 2147483647;
			files = (
				3E63CD13264B2CD300A6E590 /* postsStruct.swift in Sources */,
				3E4D9A3B2644B2C6002E4546 /* UserSettingsVC.swift in Sources */,
				3EAC8CCC263657F900F3139D /* MainPageViewController.swift in Sources */,
				3E56894C265D261900220A3D /* Message.swift in Sources */,
				3EF2CED2265D20FB00AD8300 /* BakaChatVC.swift in Sources */,
				3EEDC4D826472C1D009C63F3 /* LoginPageVC.swift in Sources */,
				3EEDC4DA26473C39009C63F3 /* FirstViewController.swift in Sources */,
				3E8F976A2645B72300B6C850 /* AddPostVC.swift in Sources */,
				3E8825912645EF1700B7BA30 /* FirebaseAuthManager.swift in Sources */,
				3E77B224265C2CB00011528E /* Baka_Extensions.swift in Sources */,
				3E4D9A392644B091002E4546 /* Posts.swift in Sources */,
				3EAC8CB8263652D900F3139D /* ViewController.swift in Sources */,
				3E63CD17264B2E2A00A6E590 /* PostsService.swift in Sources */,
				3E56894E265D262700220A3D /* Chat.swift in Sources */,
				3EAC8CB4263652D900F3139D /* AppDelegate.swift in Sources */,
				3EAC8CBE263652D900F3139D /* BAKANET.xcdatamodeld in Sources */,
				3EEDC4D62646E2E9009C63F3 /* RoundedBakaButton.swift in Sources */,
				3EAC8CB6263652D900F3139D /* SceneDelegate.swift in Sources */,
			);
			runOnlyForDeploymentPostprocessing = 0;
		};
/* End PBXSourcesBuildPhase section */

/* Begin PBXVariantGroup section */
		3EAC8CB9263652D900F3139D /* Main.storyboard */ = {
			isa = PBXVariantGroup;
			children = (
				3EAC8CBA263652D900F3139D /* Base */,
			);
			name = Main.storyboard;
			sourceTree = "<group>";
		};
		3EAC8CC1263652DA00F3139D /* LaunchScreen.storyboard */ = {
			isa = PBXVariantGroup;
			children = (
				3EAC8CC2263652DA00F3139D /* Base */,
			);
			name = LaunchScreen.storyboard;
			sourceTree = "<group>";
		};
/* End PBXVariantGroup section */

/* Begin XCBuildConfiguration section */
		3EAC8CC5263652DA00F3139D /* Debug */ = {
			isa = XCBuildConfiguration;
			buildSettings = {
				ALWAYS_SEARCH_USER_PATHS = NO;
				CLANG_ANALYZER_NONNULL = YES;
				CLANG_ANALYZER_NUMBER_OBJECT_CONVERSION = YES_AGGRESSIVE;
				CLANG_CXX_LANGUAGE_STANDARD = "gnu++14";
				CLANG_CXX_LIBRARY = "libc++";
				CLANG_ENABLE_MODULES = YES;
				CLANG_ENABLE_OBJC_ARC = YES;
				CLANG_ENABLE_OBJC_WEAK = YES;
				CLANG_WARN_BLOCK_CAPTURE_AUTORELEASING = YES;
				CLANG_WARN_BOOL_CONVERSION = YES;
				CLANG_WARN_COMMA = YES;
				CLANG_WARN_CONSTANT_CONVERSION = YES;
				CLANG_WARN_DEPRECATED_OBJC_IMPLEMENTATIONS = YES;
				CLANG_WARN_DIRECT_OBJC_ISA_USAGE = YES_ERROR;
				CLANG_WARN_DOCUMENTATION_COMMENTS = YES;
				CLANG_WARN_EMPTY_BODY = YES;
				CLANG_WARN_ENUM_CONVERSION = YES;
				CLANG_WARN_INFINITE_RECURSION = YES;
				CLANG_WARN_INT_CONVERSION = YES;
				CLANG_WARN_NON_LITERAL_NULL_CONVERSION = YES;
				CLANG_WARN_OBJC_IMPLICIT_RETAIN_SELF = YES;
				CLANG_WARN_OBJC_LITERAL_CONVERSION = YES;
				CLANG_WARN_OBJC_ROOT_CLASS = YES_ERROR;
				CLANG_WARN_QUOTED_INCLUDE_IN_FRAMEWORK_HEADER = YES;
				CLANG_WARN_RANGE_LOOP_ANALYSIS = YES;
				CLANG_WARN_STRICT_PROTOTYPES = YES;
				CLANG_WARN_SUSPICIOUS_MOVE = YES;
				CLANG_WARN_UNGUARDED_AVAILABILITY = YES_AGGRESSIVE;
				CLANG_WARN_UNREACHABLE_CODE = YES;
				CLANG_WARN__DUPLICATE_METHOD_MATCH = YES;
				COPY_PHASE_STRIP = NO;
				DEBUG_INFORMATION_FORMAT = dwarf;
				ENABLE_STRICT_OBJC_MSGSEND = YES;
				ENABLE_TESTABILITY = YES;
				GCC_C_LANGUAGE_STANDARD = gnu11;
				GCC_DYNAMIC_NO_PIC = NO;
				GCC_NO_COMMON_BLOCKS = YES;
				GCC_OPTIMIZATION_LEVEL = 0;
				GCC_PREPROCESSOR_DEFINITIONS = (
					"DEBUG=1",
					"$(inherited)",
				);
				GCC_WARN_64_TO_32_BIT_CONVERSION = YES;
				GCC_WARN_ABOUT_RETURN_TYPE = YES_ERROR;
				GCC_WARN_UNDECLARED_SELECTOR = YES;
				GCC_WARN_UNINITIALIZED_AUTOS = YES_AGGRESSIVE;
				GCC_WARN_UNUSED_FUNCTION = YES;
				GCC_WARN_UNUSED_VARIABLE = YES;
				IPHONEOS_DEPLOYMENT_TARGET = 14.4;
				MTL_ENABLE_DEBUG_INFO = INCLUDE_SOURCE;
				MTL_FAST_MATH = YES;
				ONLY_ACTIVE_ARCH = YES;
				SDKROOT = iphoneos;
				SWIFT_ACTIVE_COMPILATION_CONDITIONS = DEBUG;
				SWIFT_OPTIMIZATION_LEVEL = "-Onone";
			};
			name = Debug;
		};
		3EAC8CC6263652DA00F3139D /* Release */ = {
			isa = XCBuildConfiguration;
			buildSettings = {
				ALWAYS_SEARCH_USER_PATHS = NO;
				CLANG_ANALYZER_NONNULL = YES;
				CLANG_ANALYZER_NUMBER_OBJECT_CONVERSION = YES_AGGRESSIVE;
				CLANG_CXX_LANGUAGE_STANDARD = "gnu++14";
				CLANG_CXX_LIBRARY = "libc++";
				CLANG_ENABLE_MODULES = YES;
				CLANG_ENABLE_OBJC_ARC = YES;
				CLANG_ENABLE_OBJC_WEAK = YES;
				CLANG_WARN_BLOCK_CAPTURE_AUTORELEASING = YES;
				CLANG_WARN_BOOL_CONVERSION = YES;
				CLANG_WARN_COMMA = YES;
				CLANG_WARN_CONSTANT_CONVERSION = YES;
				CLANG_WARN_DEPRECATED_OBJC_IMPLEMENTATIONS = YES;
				CLANG_WARN_DIRECT_OBJC_ISA_USAGE = YES_ERROR;
				CLANG_WARN_DOCUMENTATION_COMMENTS = YES;
				CLANG_WARN_EMPTY_BODY = YES;
				CLANG_WARN_ENUM_CONVERSION = YES;
				CLANG_WARN_INFINITE_RECURSION = YES;
				CLANG_WARN_INT_CONVERSION = YES;
				CLANG_WARN_NON_LITERAL_NULL_CONVERSION = YES;
				CLANG_WARN_OBJC_IMPLICIT_RETAIN_SELF = YES;
				CLANG_WARN_OBJC_LITERAL_CONVERSION = YES;
				CLANG_WARN_OBJC_ROOT_CLASS = YES_ERROR;
				CLANG_WARN_QUOTED_INCLUDE_IN_FRAMEWORK_HEADER = YES;
				CLANG_WARN_RANGE_LOOP_ANALYSIS = YES;
				CLANG_WARN_STRICT_PROTOTYPES = YES;
				CLANG_WARN_SUSPICIOUS_MOVE = YES;
				CLANG_WARN_UNGUARDED_AVAILABILITY = YES_AGGRESSIVE;
				CLANG_WARN_UNREACHABLE_CODE = YES;
				CLANG_WARN__DUPLICATE_METHOD_MATCH = YES;
				COPY_PHASE_STRIP = NO;
				DEBUG_INFORMATION_FORMAT = "dwarf-with-dsym";
				ENABLE_NS_ASSERTIONS = NO;
				ENABLE_STRICT_OBJC_MSGSEND = YES;
				GCC_C_LANGUAGE_STANDARD = gnu11;
				GCC_NO_COMMON_BLOCKS = YES;
				GCC_WARN_64_TO_32_BIT_CONVERSION = YES;
				GCC_WARN_ABOUT_RETURN_TYPE = YES_ERROR;
				GCC_WARN_UNDECLARED_SELECTOR = YES;
				GCC_WARN_UNINITIALIZED_AUTOS = YES_AGGRESSIVE;
				GCC_WARN_UNUSED_FUNCTION = YES;
				GCC_WARN_UNUSED_VARIABLE = YES;
				IPHONEOS_DEPLOYMENT_TARGET = 14.4;
				MTL_ENABLE_DEBUG_INFO = NO;
				MTL_FAST_MATH = YES;
				SDKROOT = iphoneos;
				SWIFT_COMPILATION_MODE = wholemodule;
				SWIFT_OPTIMIZATION_LEVEL = "-O";
				VALIDATE_PRODUCT = YES;
			};
			name = Release;
		};
		3EAC8CC8263652DA00F3139D /* Debug */ = {
			isa = XCBuildConfiguration;
			baseConfigurationReference = 38A4619754C754A6814651A4 /* Pods-BAKANET.debug.xcconfig */;
			buildSettings = {
				ASSETCATALOG_COMPILER_APPICON_NAME = AppIcon;
				ASSETCATALOG_COMPILER_GLOBAL_ACCENT_COLOR_NAME = AccentColor;
				CODE_SIGN_STYLE = Automatic;
				DEVELOPMENT_TEAM = 59PYP8PP28;
				INFOPLIST_FILE = BAKANET/Info.plist;
				LD_RUNPATH_SEARCH_PATHS = (
					"$(inherited)",
					"@executable_path/Frameworks",
				);
				PRODUCT_BUNDLE_IDENTIFIER = "chris-bakaloff.BakaNetwork";
				PRODUCT_NAME = "$(TARGET_NAME)";
				SWIFT_VERSION = 5.0;
				TARGETED_DEVICE_FAMILY = "1,2";
			};
			name = Debug;
		};
		3EAC8CC9263652DA00F3139D /* Release */ = {
			isa = XCBuildConfiguration;
			baseConfigurationReference = C5E3614A79F0BE8BD8E4DA91 /* Pods-BAKANET.release.xcconfig */;
			buildSettings = {
				ASSETCATALOG_COMPILER_APPICON_NAME = AppIcon;
				ASSETCATALOG_COMPILER_GLOBAL_ACCENT_COLOR_NAME = AccentColor;
				CODE_SIGN_STYLE = Automatic;
				DEVELOPMENT_TEAM = 59PYP8PP28;
				INFOPLIST_FILE = BAKANET/Info.plist;
				LD_RUNPATH_SEARCH_PATHS = (
					"$(inherited)",
					"@executable_path/Frameworks",
				);
				PRODUCT_BUNDLE_IDENTIFIER = "chris-bakaloff.BakaNetwork";
				PRODUCT_NAME = "$(TARGET_NAME)";
				SWIFT_VERSION = 5.0;
				TARGETED_DEVICE_FAMILY = "1,2";
			};
			name = Release;
		};
/* End XCBuildConfiguration section */

/* Begin XCConfigurationList section */
		3EAC8CAB263652D900F3139D /* Build configuration list for PBXProject "BAKANET" */ = {
			isa = XCConfigurationList;
			buildConfigurations = (
				3EAC8CC5263652DA00F3139D /* Debug */,
				3EAC8CC6263652DA00F3139D /* Release */,
			);
			defaultConfigurationIsVisible = 0;
			defaultConfigurationName = Release;
		};
		3EAC8CC7263652DA00F3139D /* Build configuration list for PBXNativeTarget "BAKANET" */ = {
			isa = XCConfigurationList;
			buildConfigurations = (
				3EAC8CC8263652DA00F3139D /* Debug */,
				3EAC8CC9263652DA00F3139D /* Release */,
			);
			defaultConfigurationIsVisible = 0;
			defaultConfigurationName = Release;
		};
/* End XCConfigurationList section */

/* Begin XCVersionGroup section */
		3EAC8CBC263652D900F3139D /* BAKANET.xcdatamodeld */ = {
			isa = XCVersionGroup;
			children = (
				3EAC8CBD263652D900F3139D /* BAKANET.xcdatamodel */,
			);
			currentVersion = 3EAC8CBD263652D900F3139D /* BAKANET.xcdatamodel */;
			path = BAKANET.xcdatamodeld;
			sourceTree = "<group>";
			versionGroupType = wrapper.xcdatamodel;
		};
/* End XCVersionGroup section */
	};
	rootObject = 3EAC8CA8263652D900F3139D /* Project object */;
}
